
Microsoft Visual Studio Solution File, Format Version 12.00
# Visual Studio 2013
VisualStudioVersion = 12.0.31101.0
MinimumVisualStudioVersion = 10.0.40219.1
Project("{FAE04EC0-301F-11D3-BF4B-00C04F79EFBC}") = "ClassProxyGenerator", "ClassProxyGenerator\ClassProxyGenerator.csproj", "{02F1ED6B-9CE2-4FED-8257-B1E4DA732C71}"
EndProject
Global
	GlobalSection(SolutionConfigurationPlatforms) = preSolution
		Debug|Any CPU = Debug|Any CPU
		Release|Any CPU = Release|Any CPU
	EndGlobalSection
	GlobalSection(ProjectConfigurationPlatforms) = postSolution
		{02F1ED6B-9CE2-4FED-8257-B1E4DA732C71}.Debug|Any CPU.ActiveCfg = Debug|Any CPU
		{02F1ED6B-9CE2-4FED-8257-B1E4DA732C71}.Debug|Any CPU.Build.0 = Debug|Any CPU
		{02F1ED6B-9CE2-4FED-8257-B1E4DA732C71}.Release|Any CPU.ActiveCfg = Release|Any CPU
		{02F1ED6B-9CE2-4FED-8257-B1E4DA732C71}.Release|Any CPU.Build.0 = Release|Any CPU
	EndGlobalSection
	GlobalSection(SolutionProperties) = preSolution
		HideSolutionNode = FALSE
	EndGlobalSection
EndGlobal
